<?xml version="1.0" encoding="utf-8"?>
<Project ToolsVersion="17.0" xmlns="http://schemas.microsoft.com/developer/msbuild/2003">
  <ItemGroup>
    <CustomBuild Include="C:\Users\spiecs\Documents\NVIDIA Nsight Graphics\CppCaptures\SpicesGame__2024_07_21__11_34_38\int\CMakeFiles\b13913d56cdbc09a0b1a4f67f4c3b297\INSTALL_force.rule">
      <Filter>CMake Rules</Filter>
    </CustomBuild>
  </ItemGroup>
  <ItemGroup>
    <Filter Include="CMake Rules">
      <UniqueIdentifier>{91E389C4-55B7-34EA-BF89-B51D49E8C522}</UniqueIdentifier>
    </Filter>
  </ItemGroup>
</Project>
