<?xml version="1.0" encoding="utf-8"?>
<Project ToolsVersion="17.0" xmlns="http://schemas.microsoft.com/developer/msbuild/2003">
  <ItemGroup>
    <ClCompile Include="C:\Users\spiecs\Documents\NVIDIA Nsight Graphics\CppCaptures\SpicesGame__2024_07_21__11_34_38\Main.cpp">
      <Filter>Source Files</Filter>
    </ClCompile>
  </ItemGroup>
  <ItemGroup>
    <CustomBuild Include="C:\Users\spiecs\Documents\NVIDIA Nsight Graphics\CppCaptures\SpicesGame__2024_07_21__11_34_38\CMakeLists.txt" />
  </ItemGroup>
  <ItemGroup>
    <Filter Include="Source Files">
      <UniqueIdentifier>{05D70052-400E-338D-8065-522187ADFF7C}</UniqueIdentifier>
    </Filter>
  </ItemGroup>
</Project>
