<?xml version="1.0" encoding="utf-8"?>
<Project ToolsVersion="17.0" xmlns="http://schemas.microsoft.com/developer/msbuild/2003">
  <ItemGroup>
    <ClCompile Include="C:\Users\spiecs\Documents\NVIDIA Nsight Graphics\CppCaptures\Spices-Engine-Example\SpicesGame__2024_07_21__11_34_38\Application.cpp">
      <Filter>Source Files</Filter>
    </ClCompile>
    <ClCompile Include="C:\Users\spiecs\Documents\NVIDIA Nsight Graphics\CppCaptures\Spices-Engine-Example\SpicesGame__2024_07_21__11_34_38\CommonReplay.cpp">
      <Filter>Source Files</Filter>
    </ClCompile>
    <ClCompile Include="C:\Users\spiecs\Documents\NVIDIA Nsight Graphics\CppCaptures\Spices-Engine-Example\SpicesGame__2024_07_21__11_34_38\DataScope.cpp">
      <Filter>Source Files</Filter>
    </ClCompile>
    <ClCompile Include="C:\Users\spiecs\Documents\NVIDIA Nsight Graphics\CppCaptures\Spices-Engine-Example\SpicesGame__2024_07_21__11_34_38\Helpers.cpp">
      <Filter>Source Files</Filter>
    </ClCompile>
    <ClCompile Include="C:\Users\spiecs\Documents\NVIDIA Nsight Graphics\CppCaptures\Spices-Engine-Example\SpicesGame__2024_07_21__11_34_38\ReadOnlyDatabase.cpp">
      <Filter>Source Files</Filter>
    </ClCompile>
    <ClCompile Include="C:\Users\spiecs\Documents\NVIDIA Nsight Graphics\CppCaptures\Spices-Engine-Example\SpicesGame__2024_07_21__11_34_38\ThreadPool.cpp">
      <Filter>Source Files</Filter>
    </ClCompile>
    <ClCompile Include="C:\Users\spiecs\Documents\NVIDIA Nsight Graphics\CppCaptures\Spices-Engine-Example\SpicesGame__2024_07_21__11_34_38\Threading.cpp">
      <Filter>Source Files</Filter>
    </ClCompile>
    <ClCompile Include="C:\Users\spiecs\Documents\NVIDIA Nsight Graphics\CppCaptures\Spices-Engine-Example\SpicesGame__2024_07_21__11_34_38\VulkanBootstrap.cpp">
      <Filter>Source Files</Filter>
    </ClCompile>
    <ClCompile Include="C:\Users\spiecs\Documents\NVIDIA Nsight Graphics\CppCaptures\Spices-Engine-Example\SpicesGame__2024_07_21__11_34_38\VulkanHelpers.cpp">
      <Filter>Source Files</Filter>
    </ClCompile>
    <ClCompile Include="C:\Users\spiecs\Documents\NVIDIA Nsight Graphics\CppCaptures\Spices-Engine-Example\SpicesGame__2024_07_21__11_34_38\VulkanReplay.cpp">
      <Filter>Source Files</Filter>
    </ClCompile>
    <ClCompile Include="C:\Users\spiecs\Documents\NVIDIA Nsight Graphics\CppCaptures\Spices-Engine-Example\SpicesGame__2024_07_21__11_34_38\VulkanStructCopy.cpp">
      <Filter>Source Files</Filter>
    </ClCompile>
    <ClCompile Include="C:\Users\spiecs\Documents\NVIDIA Nsight Graphics\CppCaptures\Spices-Engine-Example\SpicesGame__2024_07_21__11_34_38\VulkanStructHydrator.cpp">
      <Filter>Source Files</Filter>
    </ClCompile>
    <ClCompile Include="C:\Users\spiecs\Documents\NVIDIA Nsight Graphics\CppCaptures\Spices-Engine-Example\SpicesGame__2024_07_21__11_34_38\function_overrides.cpp">
      <Filter>Source Files</Filter>
    </ClCompile>
    <ClCompile Include="C:\Users\spiecs\Documents\NVIDIA Nsight Graphics\CppCaptures\Spices-Engine-Example\SpicesGame__2024_07_21__11_34_38\vk_mem_alloc.cpp">
      <Filter>Source Files</Filter>
    </ClCompile>
    <ClCompile Include="C:\Users\spiecs\Documents\NVIDIA Nsight Graphics\CppCaptures\Spices-Engine-Example\SpicesGame__2024_07_21__11_34_38\Win32Application.cpp">
      <Filter>Source Files</Filter>
    </ClCompile>
    <ClCompile Include="C:\Users\spiecs\Documents\NVIDIA Nsight Graphics\CppCaptures\Spices-Engine-Example\SpicesGame__2024_07_21__11_34_38\WindowSystem_Win32.cpp">
      <Filter>Source Files</Filter>
    </ClCompile>
  </ItemGroup>
  <ItemGroup>
    <CustomBuild Include="C:\Users\spiecs\Documents\NVIDIA Nsight Graphics\CppCaptures\Spices-Engine-Example\SpicesGame__2024_07_21__11_34_38\CMakeLists.txt" />
  </ItemGroup>
  <ItemGroup>
    <Filter Include="Source Files">
      <UniqueIdentifier>{322F6DFF-0930-343F-88DB-E3901582882E}</UniqueIdentifier>
    </Filter>
  </ItemGroup>
</Project>
