
Microsoft Visual Studio Solution File, Format Version 12.00
# Visual Studio Version 17
Project("{8BC9CEB8-8B4A-11D0-8D11-00A0C91BC942}") = "Main", "Main.vcxproj", "{7A0C8359-1A67-3B46-AA67-F0E2E7AB36E3}"
	ProjectSection(ProjectDependencies) = postProject
		{89E97BBA-5758-3873-8CC4-4EB5B1D47ABE} = {89E97BBA-5758-3873-8CC4-4EB5B1D47ABE}
		{9B287C5D-8CAD-3CA2-B1F8-503CFFE9AA73} = {9B287C5D-8CAD-3CA2-B1F8-503CFFE9AA73}
		{2FEFC7DF-4343-3C37-8F34-3B6383A3754D} = {2FEFC7DF-4343-3C37-8F34-3B6383A3754D}
	EndProjectSection
EndProject
Project("{8BC9CEB8-8B4A-11D0-8D11-00A0C91BC942}") = "ALL_BUILD", "ALL_BUILD.vcxproj", "{27850B83-5ABC-3068-91D0-0D0CED32DD99}"
	ProjectSection(ProjectDependencies) = postProject
		{89E97BBA-5758-3873-8CC4-4EB5B1D47ABE} = {89E97BBA-5758-3873-8CC4-4EB5B1D47ABE}
		{7A0C8359-1A67-3B46-AA67-F0E2E7AB36E3} = {7A0C8359-1A67-3B46-AA67-F0E2E7AB36E3}
		{9B287C5D-8CAD-3CA2-B1F8-503CFFE9AA73} = {9B287C5D-8CAD-3CA2-B1F8-503CFFE9AA73}
		{2FEFC7DF-4343-3C37-8F34-3B6383A3754D} = {2FEFC7DF-4343-3C37-8F34-3B6383A3754D}
	EndProjectSection
EndProject
Project("{8BC9CEB8-8B4A-11D0-8D11-00A0C91BC942}") = "GeneratedReplay", "GeneratedReplay.vcxproj", "{89E97BBA-5758-3873-8CC4-4EB5B1D47ABE}"
	ProjectSection(ProjectDependencies) = postProject
		{9B287C5D-8CAD-3CA2-B1F8-503CFFE9AA73} = {9B287C5D-8CAD-3CA2-B1F8-503CFFE9AA73}
		{2FEFC7DF-4343-3C37-8F34-3B6383A3754D} = {2FEFC7DF-4343-3C37-8F34-3B6383A3754D}
	EndProjectSection
EndProject
Project("{8BC9CEB8-8B4A-11D0-8D11-00A0C91BC942}") = "INSTALL", "INSTALL.vcxproj", "{FE6A1EE4-2A00-392B-8573-5B1463683E30}"
	ProjectSection(ProjectDependencies) = postProject
		{27850B83-5ABC-3068-91D0-0D0CED32DD99} = {27850B83-5ABC-3068-91D0-0D0CED32DD99}
		{2FEFC7DF-4343-3C37-8F34-3B6383A3754D} = {2FEFC7DF-4343-3C37-8F34-3B6383A3754D}
	EndProjectSection
EndProject
Project("{8BC9CEB8-8B4A-11D0-8D11-00A0C91BC942}") = "ReplayExecutor", "ReplayExecutor.vcxproj", "{9B287C5D-8CAD-3CA2-B1F8-503CFFE9AA73}"
	ProjectSection(ProjectDependencies) = postProject
		{2FEFC7DF-4343-3C37-8F34-3B6383A3754D} = {2FEFC7DF-4343-3C37-8F34-3B6383A3754D}
	EndProjectSection
EndProject
Project("{8BC9CEB8-8B4A-11D0-8D11-00A0C91BC942}") = "ZERO_CHECK", "ZERO_CHECK.vcxproj", "{2FEFC7DF-4343-3C37-8F34-3B6383A3754D}"
	ProjectSection(ProjectDependencies) = postProject
	EndProjectSection
EndProject
Global
	GlobalSection(SolutionConfigurationPlatforms) = preSolution
		Debug|x64 = Debug|x64
		Release|x64 = Release|x64
		MinSizeRel|x64 = MinSizeRel|x64
		RelWithDebInfo|x64 = RelWithDebInfo|x64
	EndGlobalSection
	GlobalSection(ProjectConfigurationPlatforms) = postSolution
		{7A0C8359-1A67-3B46-AA67-F0E2E7AB36E3}.Debug|x64.ActiveCfg = Debug|x64
		{7A0C8359-1A67-3B46-AA67-F0E2E7AB36E3}.Debug|x64.Build.0 = Debug|x64
		{7A0C8359-1A67-3B46-AA67-F0E2E7AB36E3}.Release|x64.ActiveCfg = Release|x64
		{7A0C8359-1A67-3B46-AA67-F0E2E7AB36E3}.Release|x64.Build.0 = Release|x64
		{7A0C8359-1A67-3B46-AA67-F0E2E7AB36E3}.MinSizeRel|x64.ActiveCfg = MinSizeRel|x64
		{7A0C8359-1A67-3B46-AA67-F0E2E7AB36E3}.MinSizeRel|x64.Build.0 = MinSizeRel|x64
		{7A0C8359-1A67-3B46-AA67-F0E2E7AB36E3}.RelWithDebInfo|x64.ActiveCfg = RelWithDebInfo|x64
		{7A0C8359-1A67-3B46-AA67-F0E2E7AB36E3}.RelWithDebInfo|x64.Build.0 = RelWithDebInfo|x64
		{27850B83-5ABC-3068-91D0-0D0CED32DD99}.Debug|x64.ActiveCfg = Debug|x64
		{27850B83-5ABC-3068-91D0-0D0CED32DD99}.Debug|x64.Build.0 = Debug|x64
		{27850B83-5ABC-3068-91D0-0D0CED32DD99}.Release|x64.ActiveCfg = Release|x64
		{27850B83-5ABC-3068-91D0-0D0CED32DD99}.Release|x64.Build.0 = Release|x64
		{27850B83-5ABC-3068-91D0-0D0CED32DD99}.MinSizeRel|x64.ActiveCfg = MinSizeRel|x64
		{27850B83-5ABC-3068-91D0-0D0CED32DD99}.MinSizeRel|x64.Build.0 = MinSizeRel|x64
		{27850B83-5ABC-3068-91D0-0D0CED32DD99}.RelWithDebInfo|x64.ActiveCfg = RelWithDebInfo|x64
		{27850B83-5ABC-3068-91D0-0D0CED32DD99}.RelWithDebInfo|x64.Build.0 = RelWithDebInfo|x64
		{89E97BBA-5758-3873-8CC4-4EB5B1D47ABE}.Debug|x64.ActiveCfg = Debug|x64
		{89E97BBA-5758-3873-8CC4-4EB5B1D47ABE}.Debug|x64.Build.0 = Debug|x64
		{89E97BBA-5758-3873-8CC4-4EB5B1D47ABE}.Release|x64.ActiveCfg = Release|x64
		{89E97BBA-5758-3873-8CC4-4EB5B1D47ABE}.Release|x64.Build.0 = Release|x64
		{89E97BBA-5758-3873-8CC4-4EB5B1D47ABE}.MinSizeRel|x64.ActiveCfg = MinSizeRel|x64
		{89E97BBA-5758-3873-8CC4-4EB5B1D47ABE}.MinSizeRel|x64.Build.0 = MinSizeRel|x64
		{89E97BBA-5758-3873-8CC4-4EB5B1D47ABE}.RelWithDebInfo|x64.ActiveCfg = RelWithDebInfo|x64
		{89E97BBA-5758-3873-8CC4-4EB5B1D47ABE}.RelWithDebInfo|x64.Build.0 = RelWithDebInfo|x64
		{FE6A1EE4-2A00-392B-8573-5B1463683E30}.Debug|x64.ActiveCfg = Debug|x64
		{FE6A1EE4-2A00-392B-8573-5B1463683E30}.Debug|x64.Build.0 = Debug|x64
		{FE6A1EE4-2A00-392B-8573-5B1463683E30}.Release|x64.ActiveCfg = Release|x64
		{FE6A1EE4-2A00-392B-8573-5B1463683E30}.Release|x64.Build.0 = Release|x64
		{FE6A1EE4-2A00-392B-8573-5B1463683E30}.MinSizeRel|x64.ActiveCfg = MinSizeRel|x64
		{FE6A1EE4-2A00-392B-8573-5B1463683E30}.MinSizeRel|x64.Build.0 = MinSizeRel|x64
		{FE6A1EE4-2A00-392B-8573-5B1463683E30}.RelWithDebInfo|x64.ActiveCfg = RelWithDebInfo|x64
		{FE6A1EE4-2A00-392B-8573-5B1463683E30}.RelWithDebInfo|x64.Build.0 = RelWithDebInfo|x64
		{9B287C5D-8CAD-3CA2-B1F8-503CFFE9AA73}.Debug|x64.ActiveCfg = Debug|x64
		{9B287C5D-8CAD-3CA2-B1F8-503CFFE9AA73}.Debug|x64.Build.0 = Debug|x64
		{9B287C5D-8CAD-3CA2-B1F8-503CFFE9AA73}.Release|x64.ActiveCfg = Release|x64
		{9B287C5D-8CAD-3CA2-B1F8-503CFFE9AA73}.Release|x64.Build.0 = Release|x64
		{9B287C5D-8CAD-3CA2-B1F8-503CFFE9AA73}.MinSizeRel|x64.ActiveCfg = MinSizeRel|x64
		{9B287C5D-8CAD-3CA2-B1F8-503CFFE9AA73}.MinSizeRel|x64.Build.0 = MinSizeRel|x64
		{9B287C5D-8CAD-3CA2-B1F8-503CFFE9AA73}.RelWithDebInfo|x64.ActiveCfg = RelWithDebInfo|x64
		{9B287C5D-8CAD-3CA2-B1F8-503CFFE9AA73}.RelWithDebInfo|x64.Build.0 = RelWithDebInfo|x64
		{2FEFC7DF-4343-3C37-8F34-3B6383A3754D}.Debug|x64.ActiveCfg = Debug|x64
		{2FEFC7DF-4343-3C37-8F34-3B6383A3754D}.Debug|x64.Build.0 = Debug|x64
		{2FEFC7DF-4343-3C37-8F34-3B6383A3754D}.Release|x64.ActiveCfg = Release|x64
		{2FEFC7DF-4343-3C37-8F34-3B6383A3754D}.Release|x64.Build.0 = Release|x64
		{2FEFC7DF-4343-3C37-8F34-3B6383A3754D}.MinSizeRel|x64.ActiveCfg = MinSizeRel|x64
		{2FEFC7DF-4343-3C37-8F34-3B6383A3754D}.MinSizeRel|x64.Build.0 = MinSizeRel|x64
		{2FEFC7DF-4343-3C37-8F34-3B6383A3754D}.RelWithDebInfo|x64.ActiveCfg = RelWithDebInfo|x64
		{2FEFC7DF-4343-3C37-8F34-3B6383A3754D}.RelWithDebInfo|x64.Build.0 = RelWithDebInfo|x64
	EndGlobalSection
	GlobalSection(ExtensibilityGlobals) = postSolution
		SolutionGuid = {43FA4073-C9CD-35DD-A40F-334C995B598B}
	EndGlobalSection
	GlobalSection(ExtensibilityAddIns) = postSolution
	EndGlobalSection
EndGlobal
